
Microsoft Visual Studio Solution File, Format Version 12.00
# Visual Studio Version 16
VisualStudioVersion = 16.6.30114.105
MinimumVisualStudioVersion = 10.0.40219.1
Project("{FAE04EC0-301F-11D3-BF4B-00C04F79EFBC}") = "Sentaku.ApplicationCore", "src\Sentaku.ApplicationCore\Sentaku.ApplicationCore.csproj", "{7D000F44-9352-4D5E-B5D2-087BF449A9D4}"
EndProject
Project("{FAE04EC0-301F-11D3-BF4B-00C04F79EFBC}") = "Sentaku.Infrastructure", "src\Sentaku.Infrastructure\Sentaku.Infrastructure.csproj", "{10130B3D-D20A-4D4B-9E3D-90141982052C}"
EndProject
Project("{FAE04EC0-301F-11D3-BF4B-00C04F79EFBC}") = "Sentaku.WebApi", "src\Sentaku.WebApi\Sentaku.WebApi.csproj", "{D7C079AE-D9DA-47AD-A0B4-CF7D22E2F8ED}"
EndProject
Project("{FAE04EC0-301F-11D3-BF4B-00C04F79EFBC}") = "Sentaku.SharedKernel", "src\Sentaku.SharedKernel\Sentaku.SharedKernel.csproj", "{0D39A676-6EA2-436D-B3DC-7E24EECD73D3}"
EndProject
Project("{FAE04EC0-301F-11D3-BF4B-00C04F79EFBC}") = "Sentaku.AuthServer", "src\Sentaku.AuthServer\Sentaku.AuthServer.csproj", "{42A7CC52-4C14-4298-9F30-CC8FDE628144}"
EndProject
Global
	GlobalSection(SolutionConfigurationPlatforms) = preSolution
		Debug|Any CPU = Debug|Any CPU
		Debug|x64 = Debug|x64
		Debug|x86 = Debug|x86
		Release|Any CPU = Release|Any CPU
		Release|x64 = Release|x64
		Release|x86 = Release|x86
	EndGlobalSection
	GlobalSection(SolutionProperties) = preSolution
		HideSolutionNode = FALSE
	EndGlobalSection
	GlobalSection(ProjectConfigurationPlatforms) = postSolution
		{7D000F44-9352-4D5E-B5D2-087BF449A9D4}.Debug|Any CPU.ActiveCfg = Debug|Any CPU
		{7D000F44-9352-4D5E-B5D2-087BF449A9D4}.Debug|Any CPU.Build.0 = Debug|Any CPU
		{7D000F44-9352-4D5E-B5D2-087BF449A9D4}.Debug|x64.ActiveCfg = Debug|Any CPU
		{7D000F44-9352-4D5E-B5D2-087BF449A9D4}.Debug|x64.Build.0 = Debug|Any CPU
		{7D000F44-9352-4D5E-B5D2-087BF449A9D4}.Debug|x86.ActiveCfg = Debug|Any CPU
		{7D000F44-9352-4D5E-B5D2-087BF449A9D4}.Debug|x86.Build.0 = Debug|Any CPU
		{7D000F44-9352-4D5E-B5D2-087BF449A9D4}.Release|Any CPU.ActiveCfg = Release|Any CPU
		{7D000F44-9352-4D5E-B5D2-087BF449A9D4}.Release|Any CPU.Build.0 = Release|Any CPU
		{7D000F44-9352-4D5E-B5D2-087BF449A9D4}.Release|x64.ActiveCfg = Release|Any CPU
		{7D000F44-9352-4D5E-B5D2-087BF449A9D4}.Release|x64.Build.0 = Release|Any CPU
		{7D000F44-9352-4D5E-B5D2-087BF449A9D4}.Release|x86.ActiveCfg = Release|Any CPU
		{7D000F44-9352-4D5E-B5D2-087BF449A9D4}.Release|x86.Build.0 = Release|Any CPU
		{10130B3D-D20A-4D4B-9E3D-90141982052C}.Debug|Any CPU.ActiveCfg = Debug|Any CPU
		{10130B3D-D20A-4D4B-9E3D-90141982052C}.Debug|Any CPU.Build.0 = Debug|Any CPU
		{10130B3D-D20A-4D4B-9E3D-90141982052C}.Debug|x64.ActiveCfg = Debug|Any CPU
		{10130B3D-D20A-4D4B-9E3D-90141982052C}.Debug|x64.Build.0 = Debug|Any CPU
		{10130B3D-D20A-4D4B-9E3D-90141982052C}.Debug|x86.ActiveCfg = Debug|Any CPU
		{10130B3D-D20A-4D4B-9E3D-90141982052C}.Debug|x86.Build.0 = Debug|Any CPU
		{10130B3D-D20A-4D4B-9E3D-90141982052C}.Release|Any CPU.ActiveCfg = Release|Any CPU
		{10130B3D-D20A-4D4B-9E3D-90141982052C}.Release|Any CPU.Build.0 = Release|Any CPU
		{10130B3D-D20A-4D4B-9E3D-90141982052C}.Release|x64.ActiveCfg = Release|Any CPU
		{10130B3D-D20A-4D4B-9E3D-90141982052C}.Release|x64.Build.0 = Release|Any CPU
		{10130B3D-D20A-4D4B-9E3D-90141982052C}.Release|x86.ActiveCfg = Release|Any CPU
		{10130B3D-D20A-4D4B-9E3D-90141982052C}.Release|x86.Build.0 = Release|Any CPU
		{D7C079AE-D9DA-47AD-A0B4-CF7D22E2F8ED}.Debug|Any CPU.ActiveCfg = Debug|Any CPU
		{D7C079AE-D9DA-47AD-A0B4-CF7D22E2F8ED}.Debug|Any CPU.Build.0 = Debug|Any CPU
		{D7C079AE-D9DA-47AD-A0B4-CF7D22E2F8ED}.Debug|x64.ActiveCfg = Debug|Any CPU
		{D7C079AE-D9DA-47AD-A0B4-CF7D22E2F8ED}.Debug|x64.Build.0 = Debug|Any CPU
		{D7C079AE-D9DA-47AD-A0B4-CF7D22E2F8ED}.Debug|x86.ActiveCfg = Debug|Any CPU
		{D7C079AE-D9DA-47AD-A0B4-CF7D22E2F8ED}.Debug|x86.Build.0 = Debug|Any CPU
		{D7C079AE-D9DA-47AD-A0B4-CF7D22E2F8ED}.Release|Any CPU.ActiveCfg = Release|Any CPU
		{D7C079AE-D9DA-47AD-A0B4-CF7D22E2F8ED}.Release|Any CPU.Build.0 = Release|Any CPU
		{D7C079AE-D9DA-47AD-A0B4-CF7D22E2F8ED}.Release|x64.ActiveCfg = Release|Any CPU
		{D7C079AE-D9DA-47AD-A0B4-CF7D22E2F8ED}.Release|x64.Build.0 = Release|Any CPU
		{D7C079AE-D9DA-47AD-A0B4-CF7D22E2F8ED}.Release|x86.ActiveCfg = Release|Any CPU
		{D7C079AE-D9DA-47AD-A0B4-CF7D22E2F8ED}.Release|x86.Build.0 = Release|Any CPU
		{0D39A676-6EA2-436D-B3DC-7E24EECD73D3}.Debug|Any CPU.ActiveCfg = Debug|Any CPU
		{0D39A676-6EA2-436D-B3DC-7E24EECD73D3}.Debug|Any CPU.Build.0 = Debug|Any CPU
		{0D39A676-6EA2-436D-B3DC-7E24EECD73D3}.Debug|x64.ActiveCfg = Debug|Any CPU
		{0D39A676-6EA2-436D-B3DC-7E24EECD73D3}.Debug|x64.Build.0 = Debug|Any CPU
		{0D39A676-6EA2-436D-B3DC-7E24EECD73D3}.Debug|x86.ActiveCfg = Debug|Any CPU
		{0D39A676-6EA2-436D-B3DC-7E24EECD73D3}.Debug|x86.Build.0 = Debug|Any CPU
		{0D39A676-6EA2-436D-B3DC-7E24EECD73D3}.Release|Any CPU.ActiveCfg = Release|Any CPU
		{0D39A676-6EA2-436D-B3DC-7E24EECD73D3}.Release|Any CPU.Build.0 = Release|Any CPU
		{0D39A676-6EA2-436D-B3DC-7E24EECD73D3}.Release|x64.ActiveCfg = Release|Any CPU
		{0D39A676-6EA2-436D-B3DC-7E24EECD73D3}.Release|x64.Build.0 = Release|Any CPU
		{0D39A676-6EA2-436D-B3DC-7E24EECD73D3}.Release|x86.ActiveCfg = Release|Any CPU
		{0D39A676-6EA2-436D-B3DC-7E24EECD73D3}.Release|x86.Build.0 = Release|Any CPU
		{42A7CC52-4C14-4298-9F30-CC8FDE628144}.Debug|Any CPU.ActiveCfg = Debug|Any CPU
		{42A7CC52-4C14-4298-9F30-CC8FDE628144}.Debug|Any CPU.Build.0 = Debug|Any CPU
		{42A7CC52-4C14-4298-9F30-CC8FDE628144}.Debug|x64.ActiveCfg = Debug|Any CPU
		{42A7CC52-4C14-4298-9F30-CC8FDE628144}.Debug|x64.Build.0 = Debug|Any CPU
		{42A7CC52-4C14-4298-9F30-CC8FDE628144}.Debug|x86.ActiveCfg = Debug|Any CPU
		{42A7CC52-4C14-4298-9F30-CC8FDE628144}.Debug|x86.Build.0 = Debug|Any CPU
		{42A7CC52-4C14-4298-9F30-CC8FDE628144}.Release|Any CPU.ActiveCfg = Release|Any CPU
		{42A7CC52-4C14-4298-9F30-CC8FDE628144}.Release|Any CPU.Build.0 = Release|Any CPU
		{42A7CC52-4C14-4298-9F30-CC8FDE628144}.Release|x64.ActiveCfg = Release|Any CPU
		{42A7CC52-4C14-4298-9F30-CC8FDE628144}.Release|x64.Build.0 = Release|Any CPU
		{42A7CC52-4C14-4298-9F30-CC8FDE628144}.Release|x86.ActiveCfg = Release|Any CPU
		{42A7CC52-4C14-4298-9F30-CC8FDE628144}.Release|x86.Build.0 = Release|Any CPU
	EndGlobalSection
EndGlobal
